
Microsoft Visual Studio Solution File, Format Version 12.00
# Visual Studio Version 16
VisualStudioVersion = 16.0.31424.327
MinimumVisualStudioVersion = 10.0.40219.1
Project("{FAE04EC0-301F-11D3-BF4B-00C04F79EFBC}") = "Booking", "Booking\Booking.csproj", "{CE21FF38-422E-44D0-9087-17875C7E84C6}"
EndProject
Global
	GlobalSection(SolutionConfigurationPlatforms) = preSolution
		Debug|Any CPU = Debug|Any CPU
		Release|Any CPU = Release|Any CPU
	EndGlobalSection
	GlobalSection(ProjectConfigurationPlatforms) = postSolution
		{CE21FF38-422E-44D0-9087-17875C7E84C6}.Debug|Any CPU.ActiveCfg = Debug|Any CPU
		{CE21FF38-422E-44D0-9087-17875C7E84C6}.Debug|Any CPU.Build.0 = Debug|Any CPU
		{CE21FF38-422E-44D0-9087-17875C7E84C6}.Release|Any CPU.ActiveCfg = Release|Any CPU
		{CE21FF38-422E-44D0-9087-17875C7E84C6}.Release|Any CPU.Build.0 = Release|Any CPU
	EndGlobalSection
	GlobalSection(SolutionProperties) = preSolution
		HideSolutionNode = FALSE
	EndGlobalSection
	GlobalSection(ExtensibilityGlobals) = postSolution
		SolutionGuid = {2CF157AF-7498-4EFD-945B-AC9C1395EEDE}
	EndGlobalSection
EndGlobal
